// !$*UTF8*$!
{
	archiveVersion = 1;
	classes = {
	};
	objectVersion = 77;
	objects = {

/* Begin PBXBuildFile section */
		47069F002EAFF6210082AE12 /* LaunchView.swift in Sources */ = {isa = PBXBuildFile; fileRef = 47069EFF2EAFF6210082AE12 /* LaunchView.swift */; };
		470A21C32E6E37F5006D2D66 /* CircleStrokeButtonView.swift in Sources */ = {isa = PBXBuildFile; fileRef = 470A21C22E6E37F5006D2D66 /* CircleStrokeButtonView.swift */; };
		471639782ED4C43400DB1371 /* LaunchScreen.storyboard in Resources */ = {isa = PBXBuildFile; fileRef = 471639772ED4C43400DB1371 /* LaunchScreen.storyboard */; };
		471BBF9A2EC5F6170004AC45 /* PostDraftsView.swift in Sources */ = {isa = PBXBuildFile; fileRef = 471BBF992EC5F6170004AC45 /* PostDraftsView.swift */; };
		471BBF9C2EC620D70004AC45 /* PostDraftsRowView.swift in Sources */ = {isa = PBXBuildFile; fileRef = 471BBF9B2EC620D70004AC45 /* PostDraftsRowView.swift */; };
		471BBF9F2EC721480004AC45 /* Notice.swift in Sources */ = {isa = PBXBuildFile; fileRef = 471BBF9E2EC721480004AC45 /* Notice.swift */; };
		471BBFA12EC7251D0004AC45 /* NoticeViewModel.swift in Sources */ = {isa = PBXBuildFile; fileRef = 471BBFA02EC7251D0004AC45 /* NoticeViewModel.swift */; };
		471BBFA62EC7AB640004AC45 /* NoticesView.swift in Sources */ = {isa = PBXBuildFile; fileRef = 471BBFA52EC7AB640004AC45 /* NoticesView.swift */; };
		471DCBCA2EBB633300AFA5F4 /* PrivacyPolicy.swift in Sources */ = {isa = PBXBuildFile; fileRef = 471DCBC92EBB633300AFA5F4 /* PrivacyPolicy.swift */; };
		471DCBCE2EBB83D200AFA5F4 /* LegalInformationView.swift in Sources */ = {isa = PBXBuildFile; fileRef = 471DCBCD2EBB83D200AFA5F4 /* LegalInformationView.swift */; };
		471DCBD02EBB88A400AFA5F4 /* CopyrightPolicy.swift in Sources */ = {isa = PBXBuildFile; fileRef = 471DCBCF2EBB88A400AFA5F4 /* CopyrightPolicy.swift */; };
		471DCBD22EBB89E000AFA5F4 /* FairUseNotice.swift in Sources */ = {isa = PBXBuildFile; fileRef = 471DCBD12EBB89E000AFA5F4 /* FairUseNotice.swift */; };
		471DCBD42EBB8A6400AFA5F4 /* TermsOfUse.swift in Sources */ = {isa = PBXBuildFile; fileRef = 471DCBD32EBB8A6400AFA5F4 /* TermsOfUse.swift */; };
		471DCBD62EBBAD9700AFA5F4 /* AboutApp.swift in Sources */ = {isa = PBXBuildFile; fileRef = 471DCBD52EBBAD9700AFA5F4 /* AboutApp.swift */; };
		471DCBD92EBBBF2200AFA5F4 /* JSON.swift in Sources */ = {isa = PBXBuildFile; fileRef = 471DCBD82EBBBF2200AFA5F4 /* JSON.swift */; };
		471DCBDC2EBBC67500AFA5F4 /* Introduction.swift in Sources */ = {isa = PBXBuildFile; fileRef = 471DCBDB2EBBC67500AFA5F4 /* Introduction.swift */; };
		471DCBDE2EBBC68500AFA5F4 /* WhatsNew.swift in Sources */ = {isa = PBXBuildFile; fileRef = 471DCBDD2EBBC68500AFA5F4 /* WhatsNew.swift */; };
		471DCBE02EBBC6B900AFA5F4 /* WelcomeMessage.swift in Sources */ = {isa = PBXBuildFile; fileRef = 471DCBDF2EBBC6B900AFA5F4 /* WelcomeMessage.swift */; };
		4725A5272EDC818600235C40 /* SidebarView.swift in Sources */ = {isa = PBXBuildFile; fileRef = 4725A5262EDC818600235C40 /* SidebarView.swift */; };
		4725A52B2EDD757F00235C40 /* UIDevice.swift in Sources */ = {isa = PBXBuildFile; fileRef = 4725A52A2EDD757F00235C40 /* UIDevice.swift */; };
		472A9B592EDB6D6E00ED3344 /* HomeViewCustomNavBar.swift in Sources */ = {isa = PBXBuildFile; fileRef = 472A9B582EDB6D6E00ED3344 /* HomeViewCustomNavBar.swift */; };
		472A9B5B2EDC3B6F00ED3344 /* BackButtonView.swift in Sources */ = {isa = PBXBuildFile; fileRef = 472A9B5A2EDC3B6F00ED3344 /* BackButtonView.swift */; };
		472E05CC2EDDC9BA005D774E /* KeyboardManager.swift in Sources */ = {isa = PBXBuildFile; fileRef = 472E05CB2EDDC9BA005D774E /* KeyboardManager.swift */; };
		4732FB2D2EAA2BFC0062269D /* ImportPostsFromCloudView.swift in Sources */ = {isa = PBXBuildFile; fileRef = 4732FB2C2EAA2BFC0062269D /* ImportPostsFromCloudView.swift */; };
		4732FB312EAA59B00062269D /* SharePostsView.swift in Sources */ = {isa = PBXBuildFile; fileRef = 4732FB302EAA59B00062269D /* SharePostsView.swift */; };
		4732FB332EAA5A9E0062269D /* ActivityView.swift in Sources */ = {isa = PBXBuildFile; fileRef = 4732FB322EAA5A9E0062269D /* ActivityView.swift */; };
		4732FB372EAA63810062269D /* Constants.swift in Sources */ = {isa = PBXBuildFile; fileRef = 4732FB362EAA63810062269D /* Constants.swift */; };
		47453E042EAB73A9000D2C16 /* Date.swift in Sources */ = {isa = PBXBuildFile; fileRef = 47453E032EAB73A9000D2C16 /* Date.swift */; };
		47542EB42EF2C8E400B0AB79 /* ContentViewWrapper.swift in Sources */ = {isa = PBXBuildFile; fileRef = 47542EB32EF2C8E400B0AB79 /* ContentViewWrapper.swift */; };
		4759974D2E5C690B008E20F0 /* Assets.xcassets in Resources */ = {isa = PBXBuildFile; fileRef = 475997492E5C690B008E20F0 /* Assets.xcassets */; };
		4759974F2E5C690B008E20F0 /* StartToSwiftUIApp.swift in Sources */ = {isa = PBXBuildFile; fileRef = 4759974B2E5C690B008E20F0 /* StartToSwiftUIApp.swift */; };
		475997512E5C6C9D008E20F0 /* Post.swift in Sources */ = {isa = PBXBuildFile; fileRef = 475997502E5C6C9D008E20F0 /* Post.swift */; };
		475997532E5C7680008E20F0 /* PostsViewModel.swift in Sources */ = {isa = PBXBuildFile; fileRef = 475997522E5C7680008E20F0 /* PostsViewModel.swift */; };
		475997552E5C7F81008E20F0 /* PreviewData.swift in Sources */ = {isa = PBXBuildFile; fileRef = 475997542E5C7F81008E20F0 /* PreviewData.swift */; };
		4759975F2E5CA789008E20F0 /* CountingLinesInTextBlock.swift in Sources */ = {isa = PBXBuildFile; fileRef = 4759975E2E5CA789008E20F0 /* CountingLinesInTextBlock.swift */; };
		475997612E5CC0F8008E20F0 /* PostDetailsView.swift in Sources */ = {isa = PBXBuildFile; fileRef = 475997602E5CC0F8008E20F0 /* PostDetailsView.swift */; };
		4759977A2E5F1A32008E20F0 /* Colors.swift in Sources */ = {isa = PBXBuildFile; fileRef = 475997792E5F1A32008E20F0 /* Colors.swift */; };
		4764A1F82EAD1DAA00D76C3A /* ClearCupsuleButton.swift in Sources */ = {isa = PBXBuildFile; fileRef = 4764A1F72EAD1DAA00D76C3A /* ClearCupsuleButton.swift */; };
		47656BFC2EE1EBF000F45AA6 /* ProgressIndicatorView.swift in Sources */ = {isa = PBXBuildFile; fileRef = 47656BFB2EE1EBF000F45AA6 /* ProgressIndicatorView.swift */; };
		47656BFE2EE1EC4D00F45AA6 /* StudyProgressView.swift in Sources */ = {isa = PBXBuildFile; fileRef = 47656BFD2EE1EC4D00F45AA6 /* StudyProgressView.swift */; };
		47656C002EE1EF9500F45AA6 /* StudyProgressForLevel.swift in Sources */ = {isa = PBXBuildFile; fileRef = 47656BFF2EE1EF9500F45AA6 /* StudyProgressForLevel.swift */; };
		4765A76D2EAE5F7B00EACDF4 /* PostRowView.swift in Sources */ = {isa = PBXBuildFile; fileRef = 4765A76C2EAE5F7B00EACDF4 /* PostRowView.swift */; };
		4767C95F2EF29349003838BA /* CodablePost.swift in Sources */ = {isa = PBXBuildFile; fileRef = 4767C95E2EF29349003838BA /* CodablePost.swift */; };
		4767C9612EF293FF003838BA /* PostMigrationHelper.swift in Sources */ = {isa = PBXBuildFile; fileRef = 4767C9602EF293FF003838BA /* PostMigrationHelper.swift */; };
		4767C9632EF29474003838BA /* NoticeMigrationHelper.swift in Sources */ = {isa = PBXBuildFile; fileRef = 4767C9622EF29474003838BA /* NoticeMigrationHelper.swift */; };
		4767C9652EF294B0003838BA /* CodableNotice.swift in Sources */ = {isa = PBXBuildFile; fileRef = 4767C9642EF294B0003838BA /* CodableNotice.swift */; };
		4773545B2E65C470001DEDEE /* CapsulesSegmentedPicker.swift in Sources */ = {isa = PBXBuildFile; fileRef = 4773545A2E65C470001DEDEE /* CapsulesSegmentedPicker.swift */; };
		4773545D2E65D03A001DEDEE /* FiltersSheetView.swift in Sources */ = {isa = PBXBuildFile; fileRef = 4773545C2E65D03A001DEDEE /* FiltersSheetView.swift */; };
		477C745E2ECF6FB300F77F5B /* StaticPosts.swift in Sources */ = {isa = PBXBuildFile; fileRef = 477C745D2ECF6FB300F77F5B /* StaticPosts.swift */; };
		477C74602ECFB0F300F77F5B /* News.swift in Sources */ = {isa = PBXBuildFile; fileRef = 477C745F2ECFB0E800F77F5B /* News.swift */; };
		478116462EBFF9DD00EF25F8 /* CustomProgressView.swift in Sources */ = {isa = PBXBuildFile; fileRef = 478116452EBFF9DD00EF25F8 /* CustomProgressView.swift */; };
		4781D72E2ED716AE00B74F85 /* Bundle.swift in Sources */ = {isa = PBXBuildFile; fileRef = 4781D72D2ED716AE00B74F85 /* Bundle.swift */; };
		47870FBA2ECC8628004175E4 /* Acknowledgements.swift in Sources */ = {isa = PBXBuildFile; fileRef = 47870FB92ECC8628004175E4 /* Acknowledgements.swift */; };
		47870FBF2ECCD743004175E4 /* LinkButtonURL.swift in Sources */ = {isa = PBXBuildFile; fileRef = 47870FBE2ECCD743004175E4 /* LinkButtonURL.swift */; };
		4791CD862E6ED58B00687126 /* ShrinkIconButtonStyle.swift in Sources */ = {isa = PBXBuildFile; fileRef = 4791CD852E6ED58B00687126 /* ShrinkIconButtonStyle.swift */; };
		4791CDAF2E70187E00687126 /* PreferencesView.swift in Sources */ = {isa = PBXBuildFile; fileRef = 4791CDAE2E70187E00687126 /* PreferencesView.swift */; };
		4791CDBB2E702E9700687126 /* EraseAllPostsView.swift in Sources */ = {isa = PBXBuildFile; fileRef = 4791CDBA2E702E9700687126 /* EraseAllPostsView.swift */; };
		4791CDC12E708E1300687126 /* DocumentPicker.swift in Sources */ = {isa = PBXBuildFile; fileRef = 4791CDC02E708E1000687126 /* DocumentPicker.swift */; };
		4791CDEA2E72E8CC00687126 /* Arrays.swift in Sources */ = {isa = PBXBuildFile; fileRef = 4791CDE92E72E8CC00687126 /* Arrays.swift */; };
		4791CDF12E7428EE00687126 /* CircleShadowButtonView.swift in Sources */ = {isa = PBXBuildFile; fileRef = 4791CDF02E7428EE00687126 /* CircleShadowButtonView.swift */; };
		4791CDFA2E744AD500687126 /* CapsuleButtonView.swift in Sources */ = {isa = PBXBuildFile; fileRef = 4791CDF92E744AD400687126 /* CapsuleButtonView.swift */; };
		4791CDFC2E746FF100687126 /* EmailService.swift in Sources */ = {isa = PBXBuildFile; fileRef = 4791CDFB2E746FF100687126 /* EmailService.swift */; };
		4791CDFE2E747AC100687126 /* JSONFileManager.swift in Sources */ = {isa = PBXBuildFile; fileRef = 4791CDFD2E747AC100687126 /* JSONFileManager.swift */; };
		4791CE002E747B2E00687126 /* HapticService.swift in Sources */ = {isa = PBXBuildFile; fileRef = 4791CDFF2E747B2E00687126 /* HapticService.swift */; };
		4791CE042E748DA200687126 /* AddEditPostSheet.swift in Sources */ = {isa = PBXBuildFile; fileRef = 4791CE032E748DA200687126 /* AddEditPostSheet.swift */; };
		4791CE082E75AAB000687126 /* UnderlineSermentedPickerNotOptional.swift in Sources */ = {isa = PBXBuildFile; fileRef = 4791CE072E75AAAF00687126 /* UnderlineSermentedPickerNotOptional.swift */; };
		47A7339D2ED1C355006BB8A6 /* SpeechRecogniser.swift in Sources */ = {isa = PBXBuildFile; fileRef = 47A7339C2ED1C355006BB8A6 /* SpeechRecogniser.swift */; };
		47A7339F2ED1C55A006BB8A6 /* VoiceSearchView.swift in Sources */ = {isa = PBXBuildFile; fileRef = 47A7339E2ED1C55A006BB8A6 /* VoiceSearchView.swift */; };
		47AA558A2EA9741D000AF4E9 /* RestoreBackupView.swift in Sources */ = {isa = PBXBuildFile; fileRef = 47AA55892EA9741D000AF4E9 /* RestoreBackupView.swift */; };
		47AE6C812E7D7FD0006230DA /* Modifiers.swift in Sources */ = {isa = PBXBuildFile; fileRef = 47AE6C802E7D7FD0006230DA /* Modifiers.swift */; };
		47B465802E6867930059CCB7 /* HomeView.swift in Sources */ = {isa = PBXBuildFile; fileRef = 47B4657F2E6867930059CCB7 /* HomeView.swift */; };
		47BAF09B2E5F9BE500287F10 /* RedCupsuleButton.swift in Sources */ = {isa = PBXBuildFile; fileRef = 47BAF09A2E5F9BE500287F10 /* RedCupsuleButton.swift */; };
		47BAF0A02E5F9E9800287F10 /* MoreLessTextButton.swift in Sources */ = {isa = PBXBuildFile; fileRef = 47BAF09F2E5F9E9800287F10 /* MoreLessTextButton.swift */; };
		47BAF0A22E60485D00287F10 /* FavoriteButton.swift in Sources */ = {isa = PBXBuildFile; fileRef = 47BAF0A12E60485D00287F10 /* FavoriteButton.swift */; };
		47BAF0A42E60613200287F10 /* SearchBarView.swift in Sources */ = {isa = PBXBuildFile; fileRef = 47BAF0A32E60613200287F10 /* SearchBarView.swift */; };
		47BAF0CA2E635E2800287F10 /* Views.swift in Sources */ = {isa = PBXBuildFile; fileRef = 47BAF0C92E635E2800287F10 /* Views.swift */; };
		47BAF0F62E6485B000287F10 /* SegmentedOneLinePicker.swift in Sources */ = {isa = PBXBuildFile; fileRef = 47BAF0F52E6485B000287F10 /* SegmentedOneLinePicker.swift */; };
		47BAF0F82E64A77A00287F10 /* Enums.swift in Sources */ = {isa = PBXBuildFile; fileRef = 47BAF0F72E64A77A00287F10 /* Enums.swift */; };
		47BAF0FA2E64CC8700287F10 /* UnderlineSermentedPicker.swift in Sources */ = {isa = PBXBuildFile; fileRef = 47BAF0F92E64CC8700287F10 /* UnderlineSermentedPicker.swift */; };
		47C56FEC2EC9C66700F0796C /* NoticeDetailsView.swift in Sources */ = {isa = PBXBuildFile; fileRef = 47C56FEB2EC9C66700F0796C /* NoticeDetailsView.swift */; };
		47C56FEE2EC9C94100F0796C /* NoticeRowView.swift in Sources */ = {isa = PBXBuildFile; fileRef = 47C56FED2EC9C94100F0796C /* NoticeRowView.swift */; };
		47C57E7F2EAF7B1A00BE1F89 /* CheckForPostsUpdateView.swift in Sources */ = {isa = PBXBuildFile; fileRef = 47C57E7E2EAF7B1A00BE1F89 /* CheckForPostsUpdateView.swift */; };
		47E2AF4F2EBCD86000B0214F /* CategoryFilterView.swift in Sources */ = {isa = PBXBuildFile; fileRef = 47E2AF4E2EBCD86000B0214F /* CategoryFilterView.swift */; };
		47E439B72EA9290E007001AD /* NetworkService.swift in Sources */ = {isa = PBXBuildFile; fileRef = 47E439B62EA9290E007001AD /* NetworkService.swift */; };
		47F38B1F2ED480B0006DEDBE /* DevData.swift in Sources */ = {isa = PBXBuildFile; fileRef = 47F38B1E2ED480B0006DEDBE /* DevData.swift */; };
		47FF42472EE454440069D232 /* TestSFSymbolsForRating.swift in Sources */ = {isa = PBXBuildFile; fileRef = 47FF42462EE454440069D232 /* TestSFSymbolsForRating.swift */; };
		47FF42492EE4572E0069D232 /* TestSFSymbolsForProgress.swift in Sources */ = {isa = PBXBuildFile; fileRef = 47FF42482EE4572E0069D232 /* TestSFSymbolsForProgress.swift */; };
		47FF424B2EE4B5960069D232 /* RatingSelectionView.swift in Sources */ = {isa = PBXBuildFile; fileRef = 47FF424A2EE4B5950069D232 /* RatingSelectionView.swift */; };
		47FF424F2EE4C69F0069D232 /* TestSFSymbolsForOrigin.swift in Sources */ = {isa = PBXBuildFile; fileRef = 47FF424E2EE4C69F0069D232 /* TestSFSymbolsForOrigin.swift */; };
		47FF42592EE556DB0069D232 /* TapHandler.swift in Sources */ = {isa = PBXBuildFile; fileRef = 47FF42582EE556DA0069D232 /* TapHandler.swift */; };
		47FF425B2EE578DD0069D232 /* ProgressSelectionView.swift in Sources */ = {isa = PBXBuildFile; fileRef = 47FF425A2EE578DD0069D232 /* ProgressSelectionView.swift */; };
/* End PBXBuildFile section */

/* Begin PBXFileReference section */
		47069EFF2EAFF6210082AE12 /* LaunchView.swift */ = {isa = PBXFileReference; lastKnownFileType = sourcecode.swift; path = LaunchView.swift; sourceTree = "<group>"; };
		470A21C22E6E37F5006D2D66 /* CircleStrokeButtonView.swift */ = {isa = PBXFileReference; lastKnownFileType = sourcecode.swift; path = CircleStrokeButtonView.swift; sourceTree = "<group>"; };
		471639772ED4C43400DB1371 /* LaunchScreen.storyboard */ = {isa = PBXFileReference; lastKnownFileType = file.storyboard; path = LaunchScreen.storyboard; sourceTree = "<group>"; };
		471BBF992EC5F6170004AC45 /* PostDraftsView.swift */ = {isa = PBXFileReference; lastKnownFileType = sourcecode.swift; path = PostDraftsView.swift; sourceTree = "<group>"; };
		471BBF9B2EC620D70004AC45 /* PostDraftsRowView.swift */ = {isa = PBXFileReference; lastKnownFileType = sourcecode.swift; path = PostDraftsRowView.swift; sourceTree = "<group>"; };
		471BBF9E2EC721480004AC45 /* Notice.swift */ = {isa = PBXFileReference; lastKnownFileType = sourcecode.swift; path = Notice.swift; sourceTree = "<group>"; };
		471BBFA02EC7251D0004AC45 /* NoticeViewModel.swift */ = {isa = PBXFileReference; lastKnownFileType = sourcecode.swift; path = NoticeViewModel.swift; sourceTree = "<group>"; };
		471BBFA52EC7AB640004AC45 /* NoticesView.swift */ = {isa = PBXFileReference; lastKnownFileType = sourcecode.swift; path = NoticesView.swift; sourceTree = "<group>"; };
		471BEF4F2EA793880093F962 /* Info.plist */ = {isa = PBXFileReference; lastKnownFileType = text.plist.xml; path = Info.plist; sourceTree = "<group>"; };
		471DCBC92EBB633300AFA5F4 /* PrivacyPolicy.swift */ = {isa = PBXFileReference; lastKnownFileType = sourcecode.swift; path = PrivacyPolicy.swift; sourceTree = "<group>"; };
		471DCBCD2EBB83D200AFA5F4 /* LegalInformationView.swift */ = {isa = PBXFileReference; lastKnownFileType = sourcecode.swift; path = LegalInformationView.swift; sourceTree = "<group>"; };
		471DCBCF2EBB88A400AFA5F4 /* CopyrightPolicy.swift */ = {isa = PBXFileReference; lastKnownFileType = sourcecode.swift; path = CopyrightPolicy.swift; sourceTree = "<group>"; };
		471DCBD12EBB89E000AFA5F4 /* FairUseNotice.swift */ = {isa = PBXFileReference; lastKnownFileType = sourcecode.swift; path = FairUseNotice.swift; sourceTree = "<group>"; };
		471DCBD32EBB8A6400AFA5F4 /* TermsOfUse.swift */ = {isa = PBXFileReference; lastKnownFileType = sourcecode.swift; path = TermsOfUse.swift; sourceTree = "<group>"; };
		471DCBD52EBBAD9700AFA5F4 /* AboutApp.swift */ = {isa = PBXFileReference; lastKnownFileType = sourcecode.swift; path = AboutApp.swift; sourceTree = "<group>"; };
		471DCBD82EBBBF2200AFA5F4 /* JSON.swift */ = {isa = PBXFileReference; lastKnownFileType = sourcecode.swift; path = JSON.swift; sourceTree = "<group>"; };
		471DCBDB2EBBC67500AFA5F4 /* Introduction.swift */ = {isa = PBXFileReference; lastKnownFileType = sourcecode.swift; path = Introduction.swift; sourceTree = "<group>"; };
		471DCBDD2EBBC68500AFA5F4 /* WhatsNew.swift */ = {isa = PBXFileReference; lastKnownFileType = sourcecode.swift; path = WhatsNew.swift; sourceTree = "<group>"; };
		471DCBDF2EBBC6B900AFA5F4 /* WelcomeMessage.swift */ = {isa = PBXFileReference; lastKnownFileType = sourcecode.swift; path = WelcomeMessage.swift; sourceTree = "<group>"; };
		4725A5262EDC818600235C40 /* SidebarView.swift */ = {isa = PBXFileReference; lastKnownFileType = sourcecode.swift; path = SidebarView.swift; sourceTree = "<group>"; };
		4725A52A2EDD757F00235C40 /* UIDevice.swift */ = {isa = PBXFileReference; lastKnownFileType = sourcecode.swift; path = UIDevice.swift; sourceTree = "<group>"; };
		472A9B582EDB6D6E00ED3344 /* HomeViewCustomNavBar.swift */ = {isa = PBXFileReference; lastKnownFileType = sourcecode.swift; path = HomeViewCustomNavBar.swift; sourceTree = "<group>"; };
		472A9B5A2EDC3B6F00ED3344 /* BackButtonView.swift */ = {isa = PBXFileReference; lastKnownFileType = sourcecode.swift; path = BackButtonView.swift; sourceTree = "<group>"; };
		472E05CB2EDDC9BA005D774E /* KeyboardManager.swift */ = {isa = PBXFileReference; lastKnownFileType = sourcecode.swift; path = KeyboardManager.swift; sourceTree = "<group>"; };
		4732FB2C2EAA2BFC0062269D /* ImportPostsFromCloudView.swift */ = {isa = PBXFileReference; lastKnownFileType = sourcecode.swift; path = ImportPostsFromCloudView.swift; sourceTree = "<group>"; };
		4732FB302EAA59B00062269D /* SharePostsView.swift */ = {isa = PBXFileReference; lastKnownFileType = sourcecode.swift; path = SharePostsView.swift; sourceTree = "<group>"; };
		4732FB322EAA5A9E0062269D /* ActivityView.swift */ = {isa = PBXFileReference; lastKnownFileType = sourcecode.swift; path = ActivityView.swift; sourceTree = "<group>"; };
		4732FB362EAA63810062269D /* Constants.swift */ = {isa = PBXFileReference; lastKnownFileType = sourcecode.swift; path = Constants.swift; sourceTree = "<group>"; };
		47453E032EAB73A9000D2C16 /* Date.swift */ = {isa = PBXFileReference; lastKnownFileType = sourcecode.swift; path = Date.swift; sourceTree = "<group>"; };
		47542EB32EF2C8E400B0AB79 /* ContentViewWrapper.swift */ = {isa = PBXFileReference; lastKnownFileType = sourcecode.swift; path = ContentViewWrapper.swift; sourceTree = "<group>"; };
		47542EB52EF3171200B0AB79 /* StartToSwiftUIRelease.entitlements */ = {isa = PBXFileReference; lastKnownFileType = text.plist.entitlements; path = StartToSwiftUIRelease.entitlements; sourceTree = "<group>"; };
		4759973B2E5C6901008E20F0 /* StartToSwiftUI.app */ = {isa = PBXFileReference; explicitFileType = wrapper.application; includeInIndex = 0; path = StartToSwiftUI.app; sourceTree = BUILT_PRODUCTS_DIR; };
		475997492E5C690B008E20F0 /* Assets.xcassets */ = {isa = PBXFileReference; lastKnownFileType = folder.assetcatalog; path = Assets.xcassets; sourceTree = "<group>"; };
		4759974B2E5C690B008E20F0 /* StartToSwiftUIApp.swift */ = {isa = PBXFileReference; lastKnownFileType = sourcecode.swift; path = StartToSwiftUIApp.swift; sourceTree = "<group>"; };
		475997502E5C6C9D008E20F0 /* Post.swift */ = {isa = PBXFileReference; lastKnownFileType = sourcecode.swift; path = Post.swift; sourceTree = "<group>"; };
		475997522E5C7680008E20F0 /* PostsViewModel.swift */ = {isa = PBXFileReference; lastKnownFileType = sourcecode.swift; path = PostsViewModel.swift; sourceTree = "<group>"; };
		475997542E5C7F81008E20F0 /* PreviewData.swift */ = {isa = PBXFileReference; lastKnownFileType = sourcecode.swift; path = PreviewData.swift; sourceTree = "<group>"; };
		4759975E2E5CA789008E20F0 /* CountingLinesInTextBlock.swift */ = {isa = PBXFileReference; lastKnownFileType = sourcecode.swift; path = CountingLinesInTextBlock.swift; sourceTree = "<group>"; };
		475997602E5CC0F8008E20F0 /* PostDetailsView.swift */ = {isa = PBXFileReference; lastKnownFileType = sourcecode.swift; path = PostDetailsView.swift; sourceTree = "<group>"; };
		475997792E5F1A32008E20F0 /* Colors.swift */ = {isa = PBXFileReference; lastKnownFileType = sourcecode.swift; path = Colors.swift; sourceTree = "<group>"; };
		4764A1F72EAD1DAA00D76C3A /* ClearCupsuleButton.swift */ = {isa = PBXFileReference; lastKnownFileType = sourcecode.swift; path = ClearCupsuleButton.swift; sourceTree = "<group>"; };
		47656BFB2EE1EBF000F45AA6 /* ProgressIndicatorView.swift */ = {isa = PBXFileReference; lastKnownFileType = sourcecode.swift; path = ProgressIndicatorView.swift; sourceTree = "<group>"; };
		47656BFD2EE1EC4D00F45AA6 /* StudyProgressView.swift */ = {isa = PBXFileReference; lastKnownFileType = sourcecode.swift; path = StudyProgressView.swift; sourceTree = "<group>"; };
		47656BFF2EE1EF9500F45AA6 /* StudyProgressForLevel.swift */ = {isa = PBXFileReference; lastKnownFileType = sourcecode.swift; path = StudyProgressForLevel.swift; sourceTree = "<group>"; };
		4765A76C2EAE5F7B00EACDF4 /* PostRowView.swift */ = {isa = PBXFileReference; lastKnownFileType = sourcecode.swift; path = PostRowView.swift; sourceTree = "<group>"; };
		4767C95E2EF29349003838BA /* CodablePost.swift */ = {isa = PBXFileReference; lastKnownFileType = sourcecode.swift; path = CodablePost.swift; sourceTree = "<group>"; };
		4767C9602EF293FF003838BA /* PostMigrationHelper.swift */ = {isa = PBXFileReference; lastKnownFileType = sourcecode.swift; path = PostMigrationHelper.swift; sourceTree = "<group>"; };
		4767C9622EF29474003838BA /* NoticeMigrationHelper.swift */ = {isa = PBXFileReference; lastKnownFileType = sourcecode.swift; path = NoticeMigrationHelper.swift; sourceTree = "<group>"; };
		4767C9642EF294B0003838BA /* CodableNotice.swift */ = {isa = PBXFileReference; lastKnownFileType = sourcecode.swift; path = CodableNotice.swift; sourceTree = "<group>"; };
		4773545A2E65C470001DEDEE /* CapsulesSegmentedPicker.swift */ = {isa = PBXFileReference; lastKnownFileType = sourcecode.swift; path = CapsulesSegmentedPicker.swift; sourceTree = "<group>"; };
		4773545C2E65D03A001DEDEE /* FiltersSheetView.swift */ = {isa = PBXFileReference; lastKnownFileType = sourcecode.swift; path = FiltersSheetView.swift; sourceTree = "<group>"; };
		477C745D2ECF6FB300F77F5B /* StaticPosts.swift */ = {isa = PBXFileReference; lastKnownFileType = sourcecode.swift; path = StaticPosts.swift; sourceTree = "<group>"; };
		477C745F2ECFB0E800F77F5B /* News.swift */ = {isa = PBXFileReference; lastKnownFileType = sourcecode.swift; path = News.swift; sourceTree = "<group>"; };
		478116452EBFF9DD00EF25F8 /* CustomProgressView.swift */ = {isa = PBXFileReference; lastKnownFileType = sourcecode.swift; path = CustomProgressView.swift; sourceTree = "<group>"; };
		4781D72D2ED716AE00B74F85 /* Bundle.swift */ = {isa = PBXFileReference; lastKnownFileType = sourcecode.swift; path = Bundle.swift; sourceTree = "<group>"; };
		47870FB92ECC8628004175E4 /* Acknowledgements.swift */ = {isa = PBXFileReference; lastKnownFileType = sourcecode.swift; path = Acknowledgements.swift; sourceTree = "<group>"; };
		47870FBE2ECCD743004175E4 /* LinkButtonURL.swift */ = {isa = PBXFileReference; lastKnownFileType = sourcecode.swift; path = LinkButtonURL.swift; sourceTree = "<group>"; };
		4791CD852E6ED58B00687126 /* ShrinkIconButtonStyle.swift */ = {isa = PBXFileReference; lastKnownFileType = sourcecode.swift; path = ShrinkIconButtonStyle.swift; sourceTree = "<group>"; };
		4791CDAE2E70187E00687126 /* PreferencesView.swift */ = {isa = PBXFileReference; lastKnownFileType = sourcecode.swift; path = PreferencesView.swift; sourceTree = "<group>"; };
		4791CDBA2E702E9700687126 /* EraseAllPostsView.swift */ = {isa = PBXFileReference; lastKnownFileType = sourcecode.swift; path = EraseAllPostsView.swift; sourceTree = "<group>"; };
		4791CDC02E708E1000687126 /* DocumentPicker.swift */ = {isa = PBXFileReference; lastKnownFileType = sourcecode.swift; path = DocumentPicker.swift; sourceTree = "<group>"; };
		4791CDE92E72E8CC00687126 /* Arrays.swift */ = {isa = PBXFileReference; lastKnownFileType = sourcecode.swift; path = Arrays.swift; sourceTree = "<group>"; };
		4791CDF02E7428EE00687126 /* CircleShadowButtonView.swift */ = {isa = PBXFileReference; lastKnownFileType = sourcecode.swift; path = CircleShadowButtonView.swift; sourceTree = "<group>"; };
		4791CDF92E744AD400687126 /* CapsuleButtonView.swift */ = {isa = PBXFileReference; lastKnownFileType = sourcecode.swift; path = CapsuleButtonView.swift; sourceTree = "<group>"; };
		4791CDFB2E746FF100687126 /* EmailService.swift */ = {isa = PBXFileReference; lastKnownFileType = sourcecode.swift; path = EmailService.swift; sourceTree = "<group>"; };
		4791CDFD2E747AC100687126 /* JSONFileManager.swift */ = {isa = PBXFileReference; lastKnownFileType = sourcecode.swift; path = JSONFileManager.swift; sourceTree = "<group>"; };
		4791CDFF2E747B2E00687126 /* HapticService.swift */ = {isa = PBXFileReference; lastKnownFileType = sourcecode.swift; path = HapticService.swift; sourceTree = "<group>"; };
		4791CE032E748DA200687126 /* AddEditPostSheet.swift */ = {isa = PBXFileReference; lastKnownFileType = sourcecode.swift; path = AddEditPostSheet.swift; sourceTree = "<group>"; };
		4791CE072E75AAAF00687126 /* UnderlineSermentedPickerNotOptional.swift */ = {isa = PBXFileReference; lastKnownFileType = sourcecode.swift; path = UnderlineSermentedPickerNotOptional.swift; sourceTree = "<group>"; };
		47A7339C2ED1C355006BB8A6 /* SpeechRecogniser.swift */ = {isa = PBXFileReference; lastKnownFileType = sourcecode.swift; path = SpeechRecogniser.swift; sourceTree = "<group>"; };
		47A7339E2ED1C55A006BB8A6 /* VoiceSearchView.swift */ = {isa = PBXFileReference; lastKnownFileType = sourcecode.swift; path = VoiceSearchView.swift; sourceTree = "<group>"; };
		47AA55892EA9741D000AF4E9 /* RestoreBackupView.swift */ = {isa = PBXFileReference; lastKnownFileType = sourcecode.swift; path = RestoreBackupView.swift; sourceTree = "<group>"; };
		47AE6C802E7D7FD0006230DA /* Modifiers.swift */ = {isa = PBXFileReference; lastKnownFileType = sourcecode.swift; path = Modifiers.swift; sourceTree = "<group>"; };
		47B4657F2E6867930059CCB7 /* HomeView.swift */ = {isa = PBXFileReference; lastKnownFileType = sourcecode.swift; path = HomeView.swift; sourceTree = "<group>"; };
		47BAF09A2E5F9BE500287F10 /* RedCupsuleButton.swift */ = {isa = PBXFileReference; lastKnownFileType = sourcecode.swift; path = RedCupsuleButton.swift; sourceTree = "<group>"; };
		47BAF09F2E5F9E9800287F10 /* MoreLessTextButton.swift */ = {isa = PBXFileReference; lastKnownFileType = sourcecode.swift; path = MoreLessTextButton.swift; sourceTree = "<group>"; };
		47BAF0A12E60485D00287F10 /* FavoriteButton.swift */ = {isa = PBXFileReference; lastKnownFileType = sourcecode.swift; path = FavoriteButton.swift; sourceTree = "<group>"; };
		47BAF0A32E60613200287F10 /* SearchBarView.swift */ = {isa = PBXFileReference; lastKnownFileType = sourcecode.swift; path = SearchBarView.swift; sourceTree = "<group>"; };
		47BAF0C92E635E2800287F10 /* Views.swift */ = {isa = PBXFileReference; lastKnownFileType = sourcecode.swift; path = Views.swift; sourceTree = "<group>"; };
		47BAF0F52E6485B000287F10 /* SegmentedOneLinePicker.swift */ = {isa = PBXFileReference; lastKnownFileType = sourcecode.swift; path = SegmentedOneLinePicker.swift; sourceTree = "<group>"; };
		47BAF0F72E64A77A00287F10 /* Enums.swift */ = {isa = PBXFileReference; lastKnownFileType = sourcecode.swift; path = Enums.swift; sourceTree = "<group>"; };
		47BAF0F92E64CC8700287F10 /* UnderlineSermentedPicker.swift */ = {isa = PBXFileReference; lastKnownFileType = sourcecode.swift; path = UnderlineSermentedPicker.swift; sourceTree = "<group>"; };
		47C56FEB2EC9C66700F0796C /* NoticeDetailsView.swift */ = {isa = PBXFileReference; lastKnownFileType = sourcecode.swift; path = NoticeDetailsView.swift; sourceTree = "<group>"; };
		47C56FED2EC9C94100F0796C /* NoticeRowView.swift */ = {isa = PBXFileReference; lastKnownFileType = sourcecode.swift; path = NoticeRowView.swift; sourceTree = "<group>"; };
		47C57E7E2EAF7B1A00BE1F89 /* CheckForPostsUpdateView.swift */ = {isa = PBXFileReference; lastKnownFileType = sourcecode.swift; path = CheckForPostsUpdateView.swift; sourceTree = "<group>"; };
		47E2AF4E2EBCD86000B0214F /* CategoryFilterView.swift */ = {isa = PBXFileReference; lastKnownFileType = sourcecode.swift; path = CategoryFilterView.swift; sourceTree = "<group>"; };
		47E439B62EA9290E007001AD /* NetworkService.swift */ = {isa = PBXFileReference; lastKnownFileType = sourcecode.swift; path = NetworkService.swift; sourceTree = "<group>"; };
		47F38B1E2ED480B0006DEDBE /* DevData.swift */ = {isa = PBXFileReference; lastKnownFileType = sourcecode.swift; path = DevData.swift; sourceTree = "<group>"; };
		47FF42462EE454440069D232 /* TestSFSymbolsForRating.swift */ = {isa = PBXFileReference; lastKnownFileType = sourcecode.swift; path = TestSFSymbolsForRating.swift; sourceTree = "<group>"; };
		47FF42482EE4572E0069D232 /* TestSFSymbolsForProgress.swift */ = {isa = PBXFileReference; lastKnownFileType = sourcecode.swift; path = TestSFSymbolsForProgress.swift; sourceTree = "<group>"; };
		47FF424A2EE4B5950069D232 /* RatingSelectionView.swift */ = {isa = PBXFileReference; lastKnownFileType = sourcecode.swift; path = RatingSelectionView.swift; sourceTree = "<group>"; };
		47FF424E2EE4C69F0069D232 /* TestSFSymbolsForOrigin.swift */ = {isa = PBXFileReference; lastKnownFileType = sourcecode.swift; path = TestSFSymbolsForOrigin.swift; sourceTree = "<group>"; };
		47FF42582EE556DA0069D232 /* TapHandler.swift */ = {isa = PBXFileReference; lastKnownFileType = sourcecode.swift; path = TapHandler.swift; sourceTree = "<group>"; };
		47FF425A2EE578DD0069D232 /* ProgressSelectionView.swift */ = {isa = PBXFileReference; lastKnownFileType = sourcecode.swift; path = ProgressSelectionView.swift; sourceTree = "<group>"; };
/* End PBXFileReference section */

/* Begin PBXFrameworksBuildPhase section */
		475997382E5C6901008E20F0 /* Frameworks */ = {
			isa = PBXFrameworksBuildPhase;
			buildActionMask = 2147483647;
			files = (
			);
			runOnlyForDeploymentPostprocessing = 0;
		};
/* End PBXFrameworksBuildPhase section */

/* Begin PBXGroup section */
		47069EFC2EAFF2E30082AE12 /* Launch */ = {
			isa = PBXGroup;
			children = (
				47069EFF2EAFF6210082AE12 /* LaunchView.swift */,
				471639772ED4C43400DB1371 /* LaunchScreen.storyboard */,
			);
			path = Launch;
			sourceTree = "<group>";
		};
		470A21C42E6E389D006D2D66 /* Pickers */ = {
			isa = PBXGroup;
			children = (
				4791CE072E75AAAF00687126 /* UnderlineSermentedPickerNotOptional.swift */,
				47BAF0F92E64CC8700287F10 /* UnderlineSermentedPicker.swift */,
				47BAF0F52E6485B000287F10 /* SegmentedOneLinePicker.swift */,
				4773545A2E65C470001DEDEE /* CapsulesSegmentedPicker.swift */,
			);
			path = Pickers;
			sourceTree = "<group>";
		};
		471BBFA42EC77C3D0004AC45 /* Support */ = {
			isa = PBXGroup;
			children = (
				477C745F2ECFB0E800F77F5B /* News.swift */,
				477C745D2ECF6FB300F77F5B /* StaticPosts.swift */,
				47F38B1E2ED480B0006DEDBE /* DevData.swift */,
				475997542E5C7F81008E20F0 /* PreviewData.swift */,
			);
			path = Support;
			sourceTree = "<group>";
		};
		471DCBD72EBBB97000AFA5F4 /* Legal_Information */ = {
			isa = PBXGroup;
			children = (
				471DCBCD2EBB83D200AFA5F4 /* LegalInformationView.swift */,
				471DCBD32EBB8A6400AFA5F4 /* TermsOfUse.swift */,
				471DCBC92EBB633300AFA5F4 /* PrivacyPolicy.swift */,
				471DCBCF2EBB88A400AFA5F4 /* CopyrightPolicy.swift */,
				471DCBD12EBB89E000AFA5F4 /* FairUseNotice.swift */,
			);
			path = Legal_Information;
			sourceTree = "<group>";
		};
		471DCBDA2EBBC60E00AFA5F4 /* AboutApp */ = {
			isa = PBXGroup;
			children = (
				471DCBD52EBBAD9700AFA5F4 /* AboutApp.swift */,
				471DCBDF2EBBC6B900AFA5F4 /* WelcomeMessage.swift */,
				471DCBDB2EBBC67500AFA5F4 /* Introduction.swift */,
				471DCBDD2EBBC68500AFA5F4 /* WhatsNew.swift */,
			);
			path = AboutApp;
			sourceTree = "<group>";
		};
		475997322E5C6901008E20F0 = {
			isa = PBXGroup;
			children = (
				4759974C2E5C690B008E20F0 /* StartToSwiftUI */,
				4759973C2E5C6901008E20F0 /* Products */,
			);
			sourceTree = "<group>";
		};
		4759973C2E5C6901008E20F0 /* Products */ = {
			isa = PBXGroup;
			children = (
				4759973B2E5C6901008E20F0 /* StartToSwiftUI.app */,
			);
			name = Products;
			sourceTree = "<group>";
		};
		4759974C2E5C690B008E20F0 /* StartToSwiftUI */ = {
			isa = PBXGroup;
			children = (
				47542EB52EF3171200B0AB79 /* StartToSwiftUIRelease.entitlements */,
				4759974B2E5C690B008E20F0 /* StartToSwiftUIApp.swift */,
				47542EB32EF2C8E400B0AB79 /* ContentViewWrapper.swift */,
				475997622E5CF0C3008E20F0 /* SupportFrom3rdParties */,
				475997722E5DA436008E20F0 /* Extensions */,
				47069EFC2EAFF2E30082AE12 /* Launch */,
				475997592E5C86C5008E20F0 /* Components */,
				475997562E5C8671008E20F0 /* Models */,
				475997572E5C8688008E20F0 /* ViewModels */,
				47BAF0EE2E645B0A00287F10 /* Views */,
				475997492E5C690B008E20F0 /* Assets.xcassets */,
				471BEF4F2EA793880093F962 /* Info.plist */,
			);
			path = StartToSwiftUI;
			sourceTree = "<group>";
		};
		475997562E5C8671008E20F0 /* Models */ = {
			isa = PBXGroup;
			children = (
				475997502E5C6C9D008E20F0 /* Post.swift */,
				471BBF9E2EC721480004AC45 /* Notice.swift */,
				4767C95E2EF29349003838BA /* CodablePost.swift */,
				4767C9642EF294B0003838BA /* CodableNotice.swift */,
				47BAF0F72E64A77A00287F10 /* Enums.swift */,
				47FF42462EE454440069D232 /* TestSFSymbolsForRating.swift */,
				47FF42482EE4572E0069D232 /* TestSFSymbolsForProgress.swift */,
				47FF424E2EE4C69F0069D232 /* TestSFSymbolsForOrigin.swift */,
				4732FB362EAA63810062269D /* Constants.swift */,
				471BBFA42EC77C3D0004AC45 /* Support */,
			);
			path = Models;
			sourceTree = "<group>";
		};
		475997572E5C8688008E20F0 /* ViewModels */ = {
			isa = PBXGroup;
			children = (
				475997522E5C7680008E20F0 /* PostsViewModel.swift */,
				471BBFA02EC7251D0004AC45 /* NoticeViewModel.swift */,
			);
			path = ViewModels;
			sourceTree = "<group>";
		};
		475997592E5C86C5008E20F0 /* Components */ = {
			isa = PBXGroup;
			children = (
				47BAF0A32E60613200287F10 /* SearchBarView.swift */,
				4773545C2E65D03A001DEDEE /* FiltersSheetView.swift */,
				47E2AF4E2EBCD86000B0214F /* CategoryFilterView.swift */,
				47FF424A2EE4B5950069D232 /* RatingSelectionView.swift */,
				47FF425A2EE578DD0069D232 /* ProgressSelectionView.swift */,
				478116452EBFF9DD00EF25F8 /* CustomProgressView.swift */,
				47BAF09E2E5F9C4500287F10 /* Buttons */,
				470A21C42E6E389D006D2D66 /* Pickers */,
			);
			path = Components;
			sourceTree = "<group>";
		};
		475997622E5CF0C3008E20F0 /* SupportFrom3rdParties */ = {
			isa = PBXGroup;
			children = (
				4791CDC02E708E1000687126 /* DocumentPicker.swift */,
				4732FB322EAA5A9E0062269D /* ActivityView.swift */,
				4759975E2E5CA789008E20F0 /* CountingLinesInTextBlock.swift */,
				4791CDFB2E746FF100687126 /* EmailService.swift */,
				47A7339C2ED1C355006BB8A6 /* SpeechRecogniser.swift */,
				47A7339E2ED1C55A006BB8A6 /* VoiceSearchView.swift */,
				472E05CB2EDDC9BA005D774E /* KeyboardManager.swift */,
			);
			path = SupportFrom3rdParties;
			sourceTree = "<group>";
		};
		4759976C2E5D931F008E20F0 /* Services */ = {
			isa = PBXGroup;
			children = (
				47E439B62EA9290E007001AD /* NetworkService.swift */,
				4791CDFD2E747AC100687126 /* JSONFileManager.swift */,
				4791CDFF2E747B2E00687126 /* HapticService.swift */,
				47FF42582EE556DA0069D232 /* TapHandler.swift */,
				4767C9602EF293FF003838BA /* PostMigrationHelper.swift */,
				4767C9622EF29474003838BA /* NoticeMigrationHelper.swift */,
			);
			path = Services;
			sourceTree = "<group>";
		};
		475997722E5DA436008E20F0 /* Extensions */ = {
			isa = PBXGroup;
			children = (
				4759976C2E5D931F008E20F0 /* Services */,
				4791CDE92E72E8CC00687126 /* Arrays.swift */,
				475997792E5F1A32008E20F0 /* Colors.swift */,
				47BAF0C92E635E2800287F10 /* Views.swift */,
				47AE6C802E7D7FD0006230DA /* Modifiers.swift */,
				47453E032EAB73A9000D2C16 /* Date.swift */,
				471DCBD82EBBBF2200AFA5F4 /* JSON.swift */,
				4781D72D2ED716AE00B74F85 /* Bundle.swift */,
				4725A52A2EDD757F00235C40 /* UIDevice.swift */,
			);
			path = Extensions;
			sourceTree = "<group>";
		};
		47656BFA2EE1EBBD00F45AA6 /* StudyProgress */ = {
			isa = PBXGroup;
			children = (
				47656BFD2EE1EC4D00F45AA6 /* StudyProgressView.swift */,
				47656BFF2EE1EF9500F45AA6 /* StudyProgressForLevel.swift */,
				47656BFB2EE1EBF000F45AA6 /* ProgressIndicatorView.swift */,
			);
			path = StudyProgress;
			sourceTree = "<group>";
		};
		47870FBB2ECCB927004175E4 /* PostDrafts */ = {
			isa = PBXGroup;
			children = (
				471BBF992EC5F6170004AC45 /* PostDraftsView.swift */,
				471BBF9B2EC620D70004AC45 /* PostDraftsRowView.swift */,
			);
			path = PostDrafts;
			sourceTree = "<group>";
		};
		4791CDAD2E70186100687126 /* Preferences */ = {
			isa = PBXGroup;
			children = (
				4791CDAE2E70187E00687126 /* PreferencesView.swift */,
				47656BFA2EE1EBBD00F45AA6 /* StudyProgress */,
				47C56FF02EC9CEA300F0796C /* Notices */,
				47870FBB2ECCB927004175E4 /* PostDrafts */,
				47C56FEF2EC9CE8200F0796C /* ManagingPosts */,
				471DCBDA2EBBC60E00AFA5F4 /* AboutApp */,
				471DCBD72EBBB97000AFA5F4 /* Legal_Information */,
				47870FB92ECC8628004175E4 /* Acknowledgements.swift */,
			);
			path = Preferences;
			sourceTree = "<group>";
		};
		47BAF09E2E5F9C4500287F10 /* Buttons */ = {
			isa = PBXGroup;
			children = (
				47BAF0A12E60485D00287F10 /* FavoriteButton.swift */,
				472A9B5A2EDC3B6F00ED3344 /* BackButtonView.swift */,
				47BAF09F2E5F9E9800287F10 /* MoreLessTextButton.swift */,
				4791CDF92E744AD400687126 /* CapsuleButtonView.swift */,
				4764A1F72EAD1DAA00D76C3A /* ClearCupsuleButton.swift */,
				47BAF09A2E5F9BE500287F10 /* RedCupsuleButton.swift */,
				4791CDF02E7428EE00687126 /* CircleShadowButtonView.swift */,
				470A21C22E6E37F5006D2D66 /* CircleStrokeButtonView.swift */,
				4791CD852E6ED58B00687126 /* ShrinkIconButtonStyle.swift */,
				47870FBE2ECCD743004175E4 /* LinkButtonURL.swift */,
			);
			path = Buttons;
			sourceTree = "<group>";
		};
		47BAF0EE2E645B0A00287F10 /* Views */ = {
			isa = PBXGroup;
			children = (
				47B4657F2E6867930059CCB7 /* HomeView.swift */,
				4725A5262EDC818600235C40 /* SidebarView.swift */,
				472A9B582EDB6D6E00ED3344 /* HomeViewCustomNavBar.swift */,
				4765A76C2EAE5F7B00EACDF4 /* PostRowView.swift */,
				475997602E5CC0F8008E20F0 /* PostDetailsView.swift */,
				4791CE032E748DA200687126 /* AddEditPostSheet.swift */,
				4791CDAD2E70186100687126 /* Preferences */,
			);
			path = Views;
			sourceTree = "<group>";
		};
		47C56FEF2EC9CE8200F0796C /* ManagingPosts */ = {
			isa = PBXGroup;
			children = (
				47C57E7E2EAF7B1A00BE1F89 /* CheckForPostsUpdateView.swift */,
				4732FB2C2EAA2BFC0062269D /* ImportPostsFromCloudView.swift */,
				4732FB302EAA59B00062269D /* SharePostsView.swift */,
				47AA55892EA9741D000AF4E9 /* RestoreBackupView.swift */,
				4791CDBA2E702E9700687126 /* EraseAllPostsView.swift */,
			);
			path = ManagingPosts;
			sourceTree = "<group>";
		};
		47C56FF02EC9CEA300F0796C /* Notices */ = {
			isa = PBXGroup;
			children = (
				471BBFA52EC7AB640004AC45 /* NoticesView.swift */,
				47C56FED2EC9C94100F0796C /* NoticeRowView.swift */,
				47C56FEB2EC9C66700F0796C /* NoticeDetailsView.swift */,
			);
			path = Notices;
			sourceTree = "<group>";
		};
/* End PBXGroup section */

/* Begin PBXNativeTarget section */
		4759973A2E5C6901008E20F0 /* StartToSwiftUI */ = {
			isa = PBXNativeTarget;
			buildConfigurationList = 475997462E5C6904008E20F0 /* Build configuration list for PBXNativeTarget "StartToSwiftUI" */;
			buildPhases = (
				475997372E5C6901008E20F0 /* Sources */,
				475997382E5C6901008E20F0 /* Frameworks */,
				475997392E5C6901008E20F0 /* Resources */,
			);
			buildRules = (
			);
			dependencies = (
			);
			name = StartToSwiftUI;
			packageProductDependencies = (
			);
			productName = StartToSwiftUI;
			productReference = 4759973B2E5C6901008E20F0 /* StartToSwiftUI.app */;
			productType = "com.apple.product-type.application";
		};
/* End PBXNativeTarget section */

/* Begin PBXProject section */
		475997332E5C6901008E20F0 /* Project object */ = {
			isa = PBXProject;
			attributes = {
				BuildIndependentTargetsInParallel = 1;
				LastSwiftUpdateCheck = 1640;
				LastUpgradeCheck = 2600;
				TargetAttributes = {
					4759973A2E5C6901008E20F0 = {
						CreatedOnToolsVersion = 16.4;
					};
				};
			};
			buildConfigurationList = 475997362E5C6901008E20F0 /* Build configuration list for PBXProject "StartToSwiftUI" */;
			developmentRegion = en;
			hasScannedForEncodings = 0;
			knownRegions = (
				en,
				Base,
			);
			mainGroup = 475997322E5C6901008E20F0;
			minimizedProjectReferenceProxies = 1;
			preferredProjectObjectVersion = 77;
			productRefGroup = 4759973C2E5C6901008E20F0 /* Products */;
			projectDirPath = "";
			projectRoot = "";
			targets = (
				4759973A2E5C6901008E20F0 /* StartToSwiftUI */,
			);
		};
/* End PBXProject section */

/* Begin PBXResourcesBuildPhase section */
		475997392E5C6901008E20F0 /* Resources */ = {
			isa = PBXResourcesBuildPhase;
			buildActionMask = 2147483647;
			files = (
				4759974D2E5C690B008E20F0 /* Assets.xcassets in Resources */,
				471639782ED4C43400DB1371 /* LaunchScreen.storyboard in Resources */,
			);
			runOnlyForDeploymentPostprocessing = 0;
		};
/* End PBXResourcesBuildPhase section */

/* Begin PBXSourcesBuildPhase section */
		475997372E5C6901008E20F0 /* Sources */ = {
			isa = PBXSourcesBuildPhase;
			buildActionMask = 2147483647;
			files = (
				47C57E7F2EAF7B1A00BE1F89 /* CheckForPostsUpdateView.swift in Sources */,
				471DCBD92EBBBF2200AFA5F4 /* JSON.swift in Sources */,
				4765A76D2EAE5F7B00EACDF4 /* PostRowView.swift in Sources */,
				4791CDFA2E744AD500687126 /* CapsuleButtonView.swift in Sources */,
				47B465802E6867930059CCB7 /* HomeView.swift in Sources */,
				47AE6C812E7D7FD0006230DA /* Modifiers.swift in Sources */,
				471BBF9C2EC620D70004AC45 /* PostDraftsRowView.swift in Sources */,
				471DCBDE2EBBC68500AFA5F4 /* WhatsNew.swift in Sources */,
				47656BFE2EE1EC4D00F45AA6 /* StudyProgressView.swift in Sources */,
				47F38B1F2ED480B0006DEDBE /* DevData.swift in Sources */,
				47FF424F2EE4C69F0069D232 /* TestSFSymbolsForOrigin.swift in Sources */,
				47BAF0A42E60613200287F10 /* SearchBarView.swift in Sources */,
				4791CD862E6ED58B00687126 /* ShrinkIconButtonStyle.swift in Sources */,
				4732FB332EAA5A9E0062269D /* ActivityView.swift in Sources */,
				47C56FEC2EC9C66700F0796C /* NoticeDetailsView.swift in Sources */,
				4773545D2E65D03A001DEDEE /* FiltersSheetView.swift in Sources */,
				47BAF0A22E60485D00287F10 /* FavoriteButton.swift in Sources */,
				47FF42592EE556DB0069D232 /* TapHandler.swift in Sources */,
				472E05CC2EDDC9BA005D774E /* KeyboardManager.swift in Sources */,
				471DCBD02EBB88A400AFA5F4 /* CopyrightPolicy.swift in Sources */,
				47BAF0F82E64A77A00287F10 /* Enums.swift in Sources */,
				4767C95F2EF29349003838BA /* CodablePost.swift in Sources */,
				475997552E5C7F81008E20F0 /* PreviewData.swift in Sources */,
				4773545B2E65C470001DEDEE /* CapsulesSegmentedPicker.swift in Sources */,
				471DCBDC2EBBC67500AFA5F4 /* Introduction.swift in Sources */,
				4791CE002E747B2E00687126 /* HapticService.swift in Sources */,
				47FF42492EE4572E0069D232 /* TestSFSymbolsForProgress.swift in Sources */,
				475997532E5C7680008E20F0 /* PostsViewModel.swift in Sources */,
				4759977A2E5F1A32008E20F0 /* Colors.swift in Sources */,
				477C745E2ECF6FB300F77F5B /* StaticPosts.swift in Sources */,
				47BAF0CA2E635E2800287F10 /* Views.swift in Sources */,
				47656C002EE1EF9500F45AA6 /* StudyProgressForLevel.swift in Sources */,
				4725A52B2EDD757F00235C40 /* UIDevice.swift in Sources */,
				47656BFC2EE1EBF000F45AA6 /* ProgressIndicatorView.swift in Sources */,
				471DCBCE2EBB83D200AFA5F4 /* LegalInformationView.swift in Sources */,
				471DCBD42EBB8A6400AFA5F4 /* TermsOfUse.swift in Sources */,
				47A7339D2ED1C355006BB8A6 /* SpeechRecogniser.swift in Sources */,
				47BAF0FA2E64CC8700287F10 /* UnderlineSermentedPicker.swift in Sources */,
				4764A1F82EAD1DAA00D76C3A /* ClearCupsuleButton.swift in Sources */,
				47BAF09B2E5F9BE500287F10 /* RedCupsuleButton.swift in Sources */,
				477C74602ECFB0F300F77F5B /* News.swift in Sources */,
				4791CDF12E7428EE00687126 /* CircleShadowButtonView.swift in Sources */,
				47542EB42EF2C8E400B0AB79 /* ContentViewWrapper.swift in Sources */,
				4767C9652EF294B0003838BA /* CodableNotice.swift in Sources */,
				47E2AF4F2EBCD86000B0214F /* CategoryFilterView.swift in Sources */,
				478116462EBFF9DD00EF25F8 /* CustomProgressView.swift in Sources */,
				4759974F2E5C690B008E20F0 /* StartToSwiftUIApp.swift in Sources */,
				4791CDFE2E747AC100687126 /* JSONFileManager.swift in Sources */,
				475997512E5C6C9D008E20F0 /* Post.swift in Sources */,
				47C56FEE2EC9C94100F0796C /* NoticeRowView.swift in Sources */,
				471BBF9F2EC721480004AC45 /* Notice.swift in Sources */,
				4732FB2D2EAA2BFC0062269D /* ImportPostsFromCloudView.swift in Sources */,
				4732FB312EAA59B00062269D /* SharePostsView.swift in Sources */,
				471BBFA12EC7251D0004AC45 /* NoticeViewModel.swift in Sources */,
				4791CE082E75AAB000687126 /* UnderlineSermentedPickerNotOptional.swift in Sources */,
				47FF425B2EE578DD0069D232 /* ProgressSelectionView.swift in Sources */,
				47A7339F2ED1C55A006BB8A6 /* VoiceSearchView.swift in Sources */,
				471DCBD22EBB89E000AFA5F4 /* FairUseNotice.swift in Sources */,
				4791CDEA2E72E8CC00687126 /* Arrays.swift in Sources */,
				472A9B5B2EDC3B6F00ED3344 /* BackButtonView.swift in Sources */,
				471DCBCA2EBB633300AFA5F4 /* PrivacyPolicy.swift in Sources */,
				47FF424B2EE4B5960069D232 /* RatingSelectionView.swift in Sources */,
				470A21C32E6E37F5006D2D66 /* CircleStrokeButtonView.swift in Sources */,
				471BBFA62EC7AB640004AC45 /* NoticesView.swift in Sources */,
				47870FBF2ECCD743004175E4 /* LinkButtonURL.swift in Sources */,
				47BAF0F62E6485B000287F10 /* SegmentedOneLinePicker.swift in Sources */,
				4725A5272EDC818600235C40 /* SidebarView.swift in Sources */,
				471BBF9A2EC5F6170004AC45 /* PostDraftsView.swift in Sources */,
				4791CDAF2E70187E00687126 /* PreferencesView.swift in Sources */,
				47453E042EAB73A9000D2C16 /* Date.swift in Sources */,
				47069F002EAFF6210082AE12 /* LaunchView.swift in Sources */,
				471DCBD62EBBAD9700AFA5F4 /* AboutApp.swift in Sources */,
				4759975F2E5CA789008E20F0 /* CountingLinesInTextBlock.swift in Sources */,
				4791CE042E748DA200687126 /* AddEditPostSheet.swift in Sources */,
				4781D72E2ED716AE00B74F85 /* Bundle.swift in Sources */,
				47BAF0A02E5F9E9800287F10 /* MoreLessTextButton.swift in Sources */,
				4791CDC12E708E1300687126 /* DocumentPicker.swift in Sources */,
				4767C9632EF29474003838BA /* NoticeMigrationHelper.swift in Sources */,
				472A9B592EDB6D6E00ED3344 /* HomeViewCustomNavBar.swift in Sources */,
				47E439B72EA9290E007001AD /* NetworkService.swift in Sources */,
				471DCBE02EBBC6B900AFA5F4 /* WelcomeMessage.swift in Sources */,
				47AA558A2EA9741D000AF4E9 /* RestoreBackupView.swift in Sources */,
				47FF42472EE454440069D232 /* TestSFSymbolsForRating.swift in Sources */,
				4791CDBB2E702E9700687126 /* EraseAllPostsView.swift in Sources */,
				4732FB372EAA63810062269D /* Constants.swift in Sources */,
				4791CDFC2E746FF100687126 /* EmailService.swift in Sources */,
				475997612E5CC0F8008E20F0 /* PostDetailsView.swift in Sources */,
				4767C9612EF293FF003838BA /* PostMigrationHelper.swift in Sources */,
				47870FBA2ECC8628004175E4 /* Acknowledgements.swift in Sources */,
			);
			runOnlyForDeploymentPostprocessing = 0;
		};
/* End PBXSourcesBuildPhase section */

/* Begin XCBuildConfiguration section */
		475997442E5C6904008E20F0 /* Debug */ = {
			isa = XCBuildConfiguration;
			buildSettings = {
				ALWAYS_SEARCH_USER_PATHS = NO;
				ASSETCATALOG_COMPILER_GENERATE_SWIFT_ASSET_SYMBOL_EXTENSIONS = YES;
				CLANG_ANALYZER_NONNULL = YES;
				CLANG_ANALYZER_NUMBER_OBJECT_CONVERSION = YES_AGGRESSIVE;
				CLANG_CXX_LANGUAGE_STANDARD = "gnu++20";
				CLANG_ENABLE_MODULES = YES;
				CLANG_ENABLE_OBJC_ARC = YES;
				CLANG_ENABLE_OBJC_WEAK = YES;
				CLANG_WARN_BLOCK_CAPTURE_AUTORELEASING = YES;
				CLANG_WARN_BOOL_CONVERSION = YES;
				CLANG_WARN_COMMA = YES;
				CLANG_WARN_CONSTANT_CONVERSION = YES;
				CLANG_WARN_DEPRECATED_OBJC_IMPLEMENTATIONS = YES;
				CLANG_WARN_DIRECT_OBJC_ISA_USAGE = YES_ERROR;
				CLANG_WARN_DOCUMENTATION_COMMENTS = YES;
				CLANG_WARN_EMPTY_BODY = YES;
				CLANG_WARN_ENUM_CONVERSION = YES;
				CLANG_WARN_INFINITE_RECURSION = YES;
				CLANG_WARN_INT_CONVERSION = YES;
				CLANG_WARN_NON_LITERAL_NULL_CONVERSION = YES;
				CLANG_WARN_OBJC_IMPLICIT_RETAIN_SELF = YES;
				CLANG_WARN_OBJC_LITERAL_CONVERSION = YES;
				CLANG_WARN_OBJC_ROOT_CLASS = YES_ERROR;
				CLANG_WARN_QUOTED_INCLUDE_IN_FRAMEWORK_HEADER = YES;
				CLANG_WARN_RANGE_LOOP_ANALYSIS = YES;
				CLANG_WARN_STRICT_PROTOTYPES = YES;
				CLANG_WARN_SUSPICIOUS_MOVE = YES;
				CLANG_WARN_UNGUARDED_AVAILABILITY = YES_AGGRESSIVE;
				CLANG_WARN_UNREACHABLE_CODE = YES;
				CLANG_WARN__DUPLICATE_METHOD_MATCH = YES;
				COPY_PHASE_STRIP = NO;
				DEBUG_INFORMATION_FORMAT = dwarf;
				DEVELOPMENT_TEAM = USBAK5HKC6;
				ENABLE_STRICT_OBJC_MSGSEND = YES;
				ENABLE_TESTABILITY = YES;
				ENABLE_USER_SCRIPT_SANDBOXING = YES;
				GCC_C_LANGUAGE_STANDARD = gnu17;
				GCC_DYNAMIC_NO_PIC = NO;
				GCC_NO_COMMON_BLOCKS = YES;
				GCC_OPTIMIZATION_LEVEL = 0;
				GCC_PREPROCESSOR_DEFINITIONS = (
					"DEBUG=1",
					"$(inherited)",
				);
				GCC_WARN_64_TO_32_BIT_CONVERSION = YES;
				GCC_WARN_ABOUT_RETURN_TYPE = YES_ERROR;
				GCC_WARN_UNDECLARED_SELECTOR = YES;
				GCC_WARN_UNINITIALIZED_AUTOS = YES_AGGRESSIVE;
				GCC_WARN_UNUSED_FUNCTION = YES;
				GCC_WARN_UNUSED_VARIABLE = YES;
				INFOPLIST_KEY_LSSupportsOpeningDocumentsInPlace = YES;
				IPHONEOS_DEPLOYMENT_TARGET = 18.5;
				LOCALIZATION_PREFERS_STRING_CATALOGS = YES;
				MTL_ENABLE_DEBUG_INFO = INCLUDE_SOURCE;
				MTL_FAST_MATH = YES;
				ONLY_ACTIVE_ARCH = YES;
				SDKROOT = iphoneos;
				STRING_CATALOG_GENERATE_SYMBOLS = YES;
				SWIFT_ACTIVE_COMPILATION_CONDITIONS = "DEBUG $(inherited)";
				SWIFT_OPTIMIZATION_LEVEL = "-Onone";
			};
			name = Debug;
		};
		475997452E5C6904008E20F0 /* Release */ = {
			isa = XCBuildConfiguration;
			buildSettings = {
				ALWAYS_SEARCH_USER_PATHS = NO;
				ASSETCATALOG_COMPILER_GENERATE_SWIFT_ASSET_SYMBOL_EXTENSIONS = YES;
				CLANG_ANALYZER_NONNULL = YES;
				CLANG_ANALYZER_NUMBER_OBJECT_CONVERSION = YES_AGGRESSIVE;
				CLANG_CXX_LANGUAGE_STANDARD = "gnu++20";
				CLANG_ENABLE_MODULES = YES;
				CLANG_ENABLE_OBJC_ARC = YES;
				CLANG_ENABLE_OBJC_WEAK = YES;
				CLANG_WARN_BLOCK_CAPTURE_AUTORELEASING = YES;
				CLANG_WARN_BOOL_CONVERSION = YES;
				CLANG_WARN_COMMA = YES;
				CLANG_WARN_CONSTANT_CONVERSION = YES;
				CLANG_WARN_DEPRECATED_OBJC_IMPLEMENTATIONS = YES;
				CLANG_WARN_DIRECT_OBJC_ISA_USAGE = YES_ERROR;
				CLANG_WARN_DOCUMENTATION_COMMENTS = YES;
				CLANG_WARN_EMPTY_BODY = YES;
				CLANG_WARN_ENUM_CONVERSION = YES;
				CLANG_WARN_INFINITE_RECURSION = YES;
				CLANG_WARN_INT_CONVERSION = YES;
				CLANG_WARN_NON_LITERAL_NULL_CONVERSION = YES;
				CLANG_WARN_OBJC_IMPLICIT_RETAIN_SELF = YES;
				CLANG_WARN_OBJC_LITERAL_CONVERSION = YES;
				CLANG_WARN_OBJC_ROOT_CLASS = YES_ERROR;
				CLANG_WARN_QUOTED_INCLUDE_IN_FRAMEWORK_HEADER = YES;
				CLANG_WARN_RANGE_LOOP_ANALYSIS = YES;
				CLANG_WARN_STRICT_PROTOTYPES = YES;
				CLANG_WARN_SUSPICIOUS_MOVE = YES;
				CLANG_WARN_UNGUARDED_AVAILABILITY = YES_AGGRESSIVE;
				CLANG_WARN_UNREACHABLE_CODE = YES;
				CLANG_WARN__DUPLICATE_METHOD_MATCH = YES;
				COPY_PHASE_STRIP = NO;
				DEBUG_INFORMATION_FORMAT = "dwarf-with-dsym";
				DEVELOPMENT_TEAM = USBAK5HKC6;
				ENABLE_NS_ASSERTIONS = NO;
				ENABLE_STRICT_OBJC_MSGSEND = YES;
				ENABLE_USER_SCRIPT_SANDBOXING = YES;
				GCC_C_LANGUAGE_STANDARD = gnu17;
				GCC_NO_COMMON_BLOCKS = YES;
				GCC_WARN_64_TO_32_BIT_CONVERSION = YES;
				GCC_WARN_ABOUT_RETURN_TYPE = YES_ERROR;
				GCC_WARN_UNDECLARED_SELECTOR = YES;
				GCC_WARN_UNINITIALIZED_AUTOS = YES_AGGRESSIVE;
				GCC_WARN_UNUSED_FUNCTION = YES;
				GCC_WARN_UNUSED_VARIABLE = YES;
				INFOPLIST_KEY_LSSupportsOpeningDocumentsInPlace = YES;
				IPHONEOS_DEPLOYMENT_TARGET = 18.5;
				LOCALIZATION_PREFERS_STRING_CATALOGS = YES;
				MTL_ENABLE_DEBUG_INFO = NO;
				MTL_FAST_MATH = YES;
				SDKROOT = iphoneos;
				STRING_CATALOG_GENERATE_SYMBOLS = YES;
				SWIFT_COMPILATION_MODE = wholemodule;
				VALIDATE_PRODUCT = YES;
			};
			name = Release;
		};
		475997472E5C6904008E20F0 /* Debug */ = {
			isa = XCBuildConfiguration;
			buildSettings = {
				ASSETCATALOG_COMPILER_APPICON_NAME = AppIcon;
				ASSETCATALOG_COMPILER_GLOBAL_ACCENT_COLOR_NAME = AccentColor;
				ASSETCATALOG_COMPILER_INCLUDE_ALL_APPICON_ASSETS = YES;
				CODE_SIGN_IDENTITY = "Apple Development";
				CODE_SIGN_STYLE = Automatic;
				CURRENT_PROJECT_VERSION = 2;
				ENABLE_APP_SANDBOX = YES;
				ENABLE_HARDENED_RUNTIME = YES;
				ENABLE_OUTGOING_NETWORK_CONNECTIONS = YES;
				ENABLE_PREVIEWS = YES;
				GENERATE_INFOPLIST_FILE = YES;
				INFOPLIST_FILE = StartToSwiftUI/Info.plist;
				INFOPLIST_KEY_CFBundleDisplayName = "SwiftUI Study";
				INFOPLIST_KEY_LSApplicationCategoryType = "public.app-category.education";
				INFOPLIST_KEY_LSSupportsOpeningDocumentsInPlace = YES;
				INFOPLIST_KEY_NSHumanReadableCopyright = "";
				INFOPLIST_KEY_NSMicrophoneUsageDescription = "We need microphone access for voice search";
				INFOPLIST_KEY_NSSpeechRecognitionUsageDescription = "We need speech recognition for voice search";
				INFOPLIST_KEY_UIApplicationSceneManifest_Generation = YES;
				INFOPLIST_KEY_UIApplicationSupportsIndirectInputEvents = YES;
				INFOPLIST_KEY_UILaunchStoryboardName = LaunchScreen.storyboard;
				INFOPLIST_KEY_UIRequiresFullScreen = NO;
				INFOPLIST_KEY_UISupportedInterfaceOrientations = UIInterfaceOrientationPortrait;
				INFOPLIST_KEY_UISupportedInterfaceOrientations_iPad = "UIInterfaceOrientationLandscapeLeft UIInterfaceOrientationLandscapeRight UIInterfaceOrientationPortrait UIInterfaceOrientationPortraitUpsideDown";
				IPHONEOS_DEPLOYMENT_TARGET = 18.0;
				LD_RUNPATH_SEARCH_PATHS = (
					"$(inherited)",
					"@executable_path/Frameworks",
				);
				MARKETING_VERSION = 1.0.1;
				PRODUCT_BUNDLE_IDENTIFIER = PELSH.StartToSwiftUI;
				PRODUCT_NAME = "$(TARGET_NAME)";
				PROVISIONING_PROFILE_SPECIFIER = "";
				REGISTER_APP_GROUPS = YES;
				SUPPORTED_PLATFORMS = "iphoneos iphonesimulator";
				SUPPORTS_MACCATALYST = NO;
				SUPPORTS_MAC_DESIGNED_FOR_IPHONE_IPAD = NO;
				SUPPORTS_XR_DESIGNED_FOR_IPHONE_IPAD = NO;
				SWIFT_EMIT_LOC_STRINGS = YES;
				SWIFT_VERSION = 5.0;
				TARGETED_DEVICE_FAMILY = "1,2";
			};
			name = Debug;
		};
		475997482E5C6904008E20F0 /* Release */ = {
			isa = XCBuildConfiguration;
			buildSettings = {
				ASSETCATALOG_COMPILER_APPICON_NAME = AppIcon;
				ASSETCATALOG_COMPILER_GLOBAL_ACCENT_COLOR_NAME = AccentColor;
				ASSETCATALOG_COMPILER_INCLUDE_ALL_APPICON_ASSETS = YES;
				CODE_SIGN_ENTITLEMENTS = StartToSwiftUI/StartToSwiftUIRelease.entitlements;
				CODE_SIGN_IDENTITY = "Apple Development";
				CODE_SIGN_STYLE = Automatic;
				CURRENT_PROJECT_VERSION = 2;
				ENABLE_APP_SANDBOX = YES;
				ENABLE_FILE_ACCESS_DOWNLOADS_FOLDER = readwrite;
				ENABLE_FILE_ACCESS_PICTURE_FOLDER = readwrite;
				ENABLE_HARDENED_RUNTIME = YES;
				ENABLE_INCOMING_NETWORK_CONNECTIONS = YES;
				ENABLE_OUTGOING_NETWORK_CONNECTIONS = YES;
				ENABLE_PREVIEWS = YES;
				ENABLE_RESOURCE_ACCESS_AUDIO_INPUT = NO;
				ENABLE_RESOURCE_ACCESS_BLUETOOTH = NO;
				ENABLE_RESOURCE_ACCESS_CALENDARS = NO;
				ENABLE_RESOURCE_ACCESS_CAMERA = NO;
				ENABLE_RESOURCE_ACCESS_CONTACTS = NO;
				ENABLE_RESOURCE_ACCESS_LOCATION = NO;
				ENABLE_RESOURCE_ACCESS_PRINTING = NO;
				ENABLE_RESOURCE_ACCESS_USB = NO;
				ENABLE_USER_SELECTED_FILES = readwrite;
				GENERATE_INFOPLIST_FILE = YES;
				INFOPLIST_FILE = StartToSwiftUI/Info.plist;
				INFOPLIST_KEY_CFBundleDisplayName = "SwiftUI Study";
				INFOPLIST_KEY_LSApplicationCategoryType = "public.app-category.education";
				INFOPLIST_KEY_LSSupportsOpeningDocumentsInPlace = YES;
				INFOPLIST_KEY_NSHumanReadableCopyright = "";
				INFOPLIST_KEY_NSMicrophoneUsageDescription = "We need microphone access for voice search";
				INFOPLIST_KEY_NSSpeechRecognitionUsageDescription = "We need speech recognition for voice search";
				INFOPLIST_KEY_UIApplicationSceneManifest_Generation = YES;
				INFOPLIST_KEY_UIApplicationSupportsIndirectInputEvents = YES;
				INFOPLIST_KEY_UILaunchStoryboardName = LaunchScreen.storyboard;
				INFOPLIST_KEY_UIRequiresFullScreen = NO;
				INFOPLIST_KEY_UISupportedInterfaceOrientations = UIInterfaceOrientationPortrait;
				INFOPLIST_KEY_UISupportedInterfaceOrientations_iPad = "UIInterfaceOrientationLandscapeLeft UIInterfaceOrientationLandscapeRight UIInterfaceOrientationPortrait UIInterfaceOrientationPortraitUpsideDown";
				IPHONEOS_DEPLOYMENT_TARGET = 18.0;
				LD_RUNPATH_SEARCH_PATHS = (
					"$(inherited)",
					"@executable_path/Frameworks",
				);
				MARKETING_VERSION = 1.0.1;
				PRODUCT_BUNDLE_IDENTIFIER = PELSH.StartToSwiftUI;
				PRODUCT_NAME = "$(TARGET_NAME)";
				PROVISIONING_PROFILE_SPECIFIER = "";
				REGISTER_APP_GROUPS = YES;
				SUPPORTED_PLATFORMS = "iphoneos iphonesimulator";
				SUPPORTS_MACCATALYST = NO;
				SUPPORTS_MAC_DESIGNED_FOR_IPHONE_IPAD = NO;
				SUPPORTS_XR_DESIGNED_FOR_IPHONE_IPAD = NO;
				SWIFT_EMIT_LOC_STRINGS = YES;
				SWIFT_VERSION = 5.0;
				TARGETED_DEVICE_FAMILY = "1,2";
			};
			name = Release;
		};
/* End XCBuildConfiguration section */

/* Begin XCConfigurationList section */
		475997362E5C6901008E20F0 /* Build configuration list for PBXProject "StartToSwiftUI" */ = {
			isa = XCConfigurationList;
			buildConfigurations = (
				475997442E5C6904008E20F0 /* Debug */,
				475997452E5C6904008E20F0 /* Release */,
			);
			defaultConfigurationIsVisible = 0;
			defaultConfigurationName = Release;
		};
		475997462E5C6904008E20F0 /* Build configuration list for PBXNativeTarget "StartToSwiftUI" */ = {
			isa = XCConfigurationList;
			buildConfigurations = (
				475997472E5C6904008E20F0 /* Debug */,
				475997482E5C6904008E20F0 /* Release */,
			);
			defaultConfigurationIsVisible = 0;
			defaultConfigurationName = Release;
		};
/* End XCConfigurationList section */
	};
	rootObject = 475997332E5C6901008E20F0 /* Project object */;
}
